
Microsoft Visual Studio Solution File, Format Version 12.00
# Visual Studio 15
VisualStudioVersion = 15.0.26730.16
MinimumVisualStudioVersion = 10.0.40219.1
Project("{FAE04EC0-301F-11D3-BF4B-00C04F79EFBC}") = "PictaCraft", "PictaCraft\PictaCraft.csproj", "{51E391A9-B001-486A-BE53-1710A8C4A655}"
EndProject
Global
	GlobalSection(SolutionConfigurationPlatforms) = preSolution
		Debug|Any CPU = Debug|Any CPU
		Release|Any CPU = Release|Any CPU
	EndGlobalSection
	GlobalSection(ProjectConfigurationPlatforms) = postSolution
		{51E391A9-B001-486A-BE53-1710A8C4A655}.Debug|Any CPU.ActiveCfg = Debug|Any CPU
		{51E391A9-B001-486A-BE53-1710A8C4A655}.Debug|Any CPU.Build.0 = Debug|Any CPU
		{51E391A9-B001-486A-BE53-1710A8C4A655}.Release|Any CPU.ActiveCfg = Release|Any CPU
		{51E391A9-B001-486A-BE53-1710A8C4A655}.Release|Any CPU.Build.0 = Release|Any CPU
	EndGlobalSection
	GlobalSection(SolutionProperties) = preSolution
		HideSolutionNode = FALSE
	EndGlobalSection
	GlobalSection(ExtensibilityGlobals) = postSolution
		SolutionGuid = {B0B810CE-31E4-4342-A1D5-9877CC349238}
	EndGlobalSection
EndGlobal
